
Microsoft Visual Studio Solution File, Format Version 12.00
# Visual Studio Version 16
VisualStudioVersion = 16.0.810.7
MinimumVisualStudioVersion = 10.0.40219.1
Project("{FAE04EC0-301F-11D3-BF4B-00C04F79EFBC}") = "BingSearch", "BingSearch\BingSearch.csproj", "{91B5FFE0-EA0B-4FC1-AB3D-D81363713692}"
EndProject
Global
	GlobalSection(SolutionConfigurationPlatforms) = preSolution
		Debug|Any CPU = Debug|Any CPU
		Release|Any CPU = Release|Any CPU
	EndGlobalSection
	GlobalSection(ProjectConfigurationPlatforms) = postSolution
		{91B5FFE0-EA0B-4FC1-AB3D-D81363713692}.Debug|Any CPU.ActiveCfg = Debug|Any CPU
		{91B5FFE0-EA0B-4FC1-AB3D-D81363713692}.Debug|Any CPU.Build.0 = Debug|Any CPU
		{91B5FFE0-EA0B-4FC1-AB3D-D81363713692}.Release|Any CPU.ActiveCfg = Release|Any CPU
		{91B5FFE0-EA0B-4FC1-AB3D-D81363713692}.Release|Any CPU.Build.0 = Release|Any CPU
	EndGlobalSection
	GlobalSection(SolutionProperties) = preSolution
		HideSolutionNode = FALSE
	EndGlobalSection
	GlobalSection(ExtensibilityGlobals) = postSolution
		SolutionGuid = {06D565B6-DD5F-4785-9CDF-75D7C9EDECD0}
	EndGlobalSection
EndGlobal
